// !$*UTF8*$!
{
	archiveVersion = 1;
	classes = {
	};
	objectVersion = 56;
	objects = {

/* Begin PBXBuildFile section */
		931EEDE82B1646BB0006E4AD /* My_fridgeApp.swift in Sources */ = {isa = PBXBuildFile; fileRef = 931EEDE72B1646BB0006E4AD /* My_fridgeApp.swift */; };
		931EEDEC2B1646BC0006E4AD /* Assets.xcassets in Resources */ = {isa = PBXBuildFile; fileRef = 931EEDEB2B1646BC0006E4AD /* Assets.xcassets */; };
		931EEDEF2B1646BC0006E4AD /* Preview Assets.xcassets in Resources */ = {isa = PBXBuildFile; fileRef = 931EEDEE2B1646BC0006E4AD /* Preview Assets.xcassets */; };
		931EEDF62B164A4C0006E4AD /* MyFridgeView.swift in Sources */ = {isa = PBXBuildFile; fileRef = 931EEDF52B164A4C0006E4AD /* MyFridgeView.swift */; };
		931EEDF82B1654230006E4AD /* AddProductView.swift in Sources */ = {isa = PBXBuildFile; fileRef = 931EEDF72B1654230006E4AD /* AddProductView.swift */; };
		932046202B87B000003BC5D2 /* AddScanProductView.swift in Sources */ = {isa = PBXBuildFile; fileRef = 9320461F2B87B000003BC5D2 /* AddScanProductView.swift */; };
		9330EF1F2BA5C8EF00E4B99E /* ScannerViewModel.swift in Sources */ = {isa = PBXBuildFile; fileRef = 9330EF1E2BA5C8EF00E4B99E /* ScannerViewModel.swift */; };
		935302552B8909E000939A58 /* MyFridgeViewModel.swift in Sources */ = {isa = PBXBuildFile; fileRef = 935302542B8909E000939A58 /* MyFridgeViewModel.swift */; };
		935302592B89169A00939A58 /* StorageManager.swift in Sources */ = {isa = PBXBuildFile; fileRef = 935302582B89169A00939A58 /* StorageManager.swift */; };
		9353025C2B89450F00939A58 /* AddProductManualViewModel.swift in Sources */ = {isa = PBXBuildFile; fileRef = 9353025B2B89450F00939A58 /* AddProductManualViewModel.swift */; };
		937EFB4B2B90F98C00CF31D2 /* AddScanProductViewModel.swift in Sources */ = {isa = PBXBuildFile; fileRef = 937EFB4A2B90F98C00CF31D2 /* AddScanProductViewModel.swift */; };
		93834BEC2B16593D0043AE84 /* ProductView.swift in Sources */ = {isa = PBXBuildFile; fileRef = 93834BEB2B16593D0043AE84 /* ProductView.swift */; };
		93834BEE2B165E720043AE84 /* CatalogView.swift in Sources */ = {isa = PBXBuildFile; fileRef = 93834BED2B165E720043AE84 /* CatalogView.swift */; };
		93834BF22B1660750043AE84 /* ProductRow.swift in Sources */ = {isa = PBXBuildFile; fileRef = 93834BF12B1660750043AE84 /* ProductRow.swift */; };
		93834BF52B1663960043AE84 /* AddProductManualView.swift in Sources */ = {isa = PBXBuildFile; fileRef = 93834BF42B1663960043AE84 /* AddProductManualView.swift */; };
		93834BF82B1681ED0043AE84 /* CatalogCellView.swift in Sources */ = {isa = PBXBuildFile; fileRef = 93834BF72B1681ED0043AE84 /* CatalogCellView.swift */; };
		93834BFB2B1687BA0043AE84 /* SubCatalogView.swift in Sources */ = {isa = PBXBuildFile; fileRef = 93834BFA2B1687BA0043AE84 /* SubCatalogView.swift */; };
		93834BFE2B16880E0043AE84 /* ProductsListView.swift in Sources */ = {isa = PBXBuildFile; fileRef = 93834BFD2B16880E0043AE84 /* ProductsListView.swift */; };
		93834C012B1688DA0043AE84 /* ProductListRow.swift in Sources */ = {isa = PBXBuildFile; fileRef = 93834C002B1688DA0043AE84 /* ProductListRow.swift */; };
		93834C062B1B4B260043AE84 /* NetworkManager.swift in Sources */ = {isa = PBXBuildFile; fileRef = 93834C052B1B4B260043AE84 /* NetworkManager.swift */; };
		93834C082B1B4B4C0043AE84 /* ImageCacheManager.swift in Sources */ = {isa = PBXBuildFile; fileRef = 93834C072B1B4B4C0043AE84 /* ImageCacheManager.swift */; };
		93834C0A2B1B4CC90043AE84 /* Categories.swift in Sources */ = {isa = PBXBuildFile; fileRef = 93834C092B1B4CC90043AE84 /* Categories.swift */; };
		93834C0C2B1B4E160043AE84 /* ProductGroups.swift in Sources */ = {isa = PBXBuildFile; fileRef = 93834C0B2B1B4E160043AE84 /* ProductGroups.swift */; };
		93834C0E2B1B52A10043AE84 /* ProductData.swift in Sources */ = {isa = PBXBuildFile; fileRef = 93834C0D2B1B52A10043AE84 /* ProductData.swift */; };
		93834C102B1B60100043AE84 /* ProductCard.swift in Sources */ = {isa = PBXBuildFile; fileRef = 93834C0F2B1B60100043AE84 /* ProductCard.swift */; };
		93834C122B1E31A70043AE84 /* CatalogViewModel.swift in Sources */ = {isa = PBXBuildFile; fileRef = 93834C112B1E31A70043AE84 /* CatalogViewModel.swift */; };
		93834C142B1E325F0043AE84 /* SubCatalogViewModel.swift in Sources */ = {isa = PBXBuildFile; fileRef = 93834C132B1E325F0043AE84 /* SubCatalogViewModel.swift */; };
		93834C162B1E3CE30043AE84 /* CacheAsyncImage.swift in Sources */ = {isa = PBXBuildFile; fileRef = 93834C152B1E3CE30043AE84 /* CacheAsyncImage.swift */; };
		93834C182B1E3D6E0043AE84 /* CatalogLogoImage.swift in Sources */ = {isa = PBXBuildFile; fileRef = 93834C172B1E3D6E0043AE84 /* CatalogLogoImage.swift */; };
		93834C1B2B1E48E50043AE84 /* ProductsListViewModel.swift in Sources */ = {isa = PBXBuildFile; fileRef = 93834C1A2B1E48E50043AE84 /* ProductsListViewModel.swift */; };
		93834C1D2B1E643F0043AE84 /* ProductViewModel.swift in Sources */ = {isa = PBXBuildFile; fileRef = 93834C1C2B1E643F0043AE84 /* ProductViewModel.swift */; };
		93834C252B1F8E650043AE84 /* ProductLogoImage.swift in Sources */ = {isa = PBXBuildFile; fileRef = 93834C242B1F8E650043AE84 /* ProductLogoImage.swift */; };
		93834C272B20F1CF0043AE84 /* ProductInfoView.swift in Sources */ = {isa = PBXBuildFile; fileRef = 93834C262B20F1CF0043AE84 /* ProductInfoView.swift */; };
		93B24FE82B69636A0034B245 /* ScannerView.swift in Sources */ = {isa = PBXBuildFile; fileRef = 93B24FE72B69636A0034B245 /* ScannerView.swift */; };
		93B24FEC2B696E6D0034B245 /* Scanner.swift in Sources */ = {isa = PBXBuildFile; fileRef = 93B24FEB2B696E6D0034B245 /* Scanner.swift */; };
/* End PBXBuildFile section */

/* Begin PBXFileReference section */
		931EEDE42B1646BB0006E4AD /* My fridge.app */ = {isa = PBXFileReference; explicitFileType = wrapper.application; includeInIndex = 0; path = "My fridge.app"; sourceTree = BUILT_PRODUCTS_DIR; };
		931EEDE72B1646BB0006E4AD /* My_fridgeApp.swift */ = {isa = PBXFileReference; lastKnownFileType = sourcecode.swift; path = My_fridgeApp.swift; sourceTree = "<group>"; };
		931EEDEB2B1646BC0006E4AD /* Assets.xcassets */ = {isa = PBXFileReference; lastKnownFileType = folder.assetcatalog; path = Assets.xcassets; sourceTree = "<group>"; };
		931EEDEE2B1646BC0006E4AD /* Preview Assets.xcassets */ = {isa = PBXFileReference; lastKnownFileType = folder.assetcatalog; path = "Preview Assets.xcassets"; sourceTree = "<group>"; };
		931EEDF52B164A4C0006E4AD /* MyFridgeView.swift */ = {isa = PBXFileReference; lastKnownFileType = sourcecode.swift; path = MyFridgeView.swift; sourceTree = "<group>"; };
		931EEDF72B1654230006E4AD /* AddProductView.swift */ = {isa = PBXFileReference; lastKnownFileType = sourcecode.swift; path = AddProductView.swift; sourceTree = "<group>"; };
		9320461F2B87B000003BC5D2 /* AddScanProductView.swift */ = {isa = PBXFileReference; lastKnownFileType = sourcecode.swift; path = AddScanProductView.swift; sourceTree = "<group>"; };
		9330EF1E2BA5C8EF00E4B99E /* ScannerViewModel.swift */ = {isa = PBXFileReference; lastKnownFileType = sourcecode.swift; path = ScannerViewModel.swift; sourceTree = "<group>"; };
		935302542B8909E000939A58 /* MyFridgeViewModel.swift */ = {isa = PBXFileReference; lastKnownFileType = sourcecode.swift; path = MyFridgeViewModel.swift; sourceTree = "<group>"; };
		935302582B89169A00939A58 /* StorageManager.swift */ = {isa = PBXFileReference; lastKnownFileType = sourcecode.swift; path = StorageManager.swift; sourceTree = "<group>"; };
		9353025B2B89450F00939A58 /* AddProductManualViewModel.swift */ = {isa = PBXFileReference; lastKnownFileType = sourcecode.swift; path = AddProductManualViewModel.swift; sourceTree = "<group>"; };
		937EFB4A2B90F98C00CF31D2 /* AddScanProductViewModel.swift */ = {isa = PBXFileReference; lastKnownFileType = sourcecode.swift; path = AddScanProductViewModel.swift; sourceTree = "<group>"; };
		93834BEB2B16593D0043AE84 /* ProductView.swift */ = {isa = PBXFileReference; lastKnownFileType = sourcecode.swift; path = ProductView.swift; sourceTree = "<group>"; };
		93834BED2B165E720043AE84 /* CatalogView.swift */ = {isa = PBXFileReference; lastKnownFileType = sourcecode.swift; path = CatalogView.swift; sourceTree = "<group>"; };
		93834BF12B1660750043AE84 /* ProductRow.swift */ = {isa = PBXFileReference; lastKnownFileType = sourcecode.swift; path = ProductRow.swift; sourceTree = "<group>"; };
		93834BF42B1663960043AE84 /* AddProductManualView.swift */ = {isa = PBXFileReference; lastKnownFileType = sourcecode.swift; path = AddProductManualView.swift; sourceTree = "<group>"; };
		93834BF72B1681ED0043AE84 /* CatalogCellView.swift */ = {isa = PBXFileReference; lastKnownFileType = sourcecode.swift; path = CatalogCellView.swift; sourceTree = "<group>"; };
		93834BFA2B1687BA0043AE84 /* SubCatalogView.swift */ = {isa = PBXFileReference; lastKnownFileType = sourcecode.swift; path = SubCatalogView.swift; sourceTree = "<group>"; };
		93834BFD2B16880E0043AE84 /* ProductsListView.swift */ = {isa = PBXFileReference; lastKnownFileType = sourcecode.swift; path = ProductsListView.swift; sourceTree = "<group>"; };
		93834C002B1688DA0043AE84 /* ProductListRow.swift */ = {isa = PBXFileReference; lastKnownFileType = sourcecode.swift; path = ProductListRow.swift; sourceTree = "<group>"; };
		93834C052B1B4B260043AE84 /* NetworkManager.swift */ = {isa = PBXFileReference; lastKnownFileType = sourcecode.swift; path = NetworkManager.swift; sourceTree = "<group>"; };
		93834C072B1B4B4C0043AE84 /* ImageCacheManager.swift */ = {isa = PBXFileReference; lastKnownFileType = sourcecode.swift; path = ImageCacheManager.swift; sourceTree = "<group>"; };
		93834C092B1B4CC90043AE84 /* Categories.swift */ = {isa = PBXFileReference; lastKnownFileType = sourcecode.swift; path = Categories.swift; sourceTree = "<group>"; };
		93834C0B2B1B4E160043AE84 /* ProductGroups.swift */ = {isa = PBXFileReference; lastKnownFileType = sourcecode.swift; path = ProductGroups.swift; sourceTree = "<group>"; };
		93834C0D2B1B52A10043AE84 /* ProductData.swift */ = {isa = PBXFileReference; lastKnownFileType = sourcecode.swift; path = ProductData.swift; sourceTree = "<group>"; };
		93834C0F2B1B60100043AE84 /* ProductCard.swift */ = {isa = PBXFileReference; lastKnownFileType = sourcecode.swift; path = ProductCard.swift; sourceTree = "<group>"; };
		93834C112B1E31A70043AE84 /* CatalogViewModel.swift */ = {isa = PBXFileReference; lastKnownFileType = sourcecode.swift; path = CatalogViewModel.swift; sourceTree = "<group>"; };
		93834C132B1E325F0043AE84 /* SubCatalogViewModel.swift */ = {isa = PBXFileReference; lastKnownFileType = sourcecode.swift; path = SubCatalogViewModel.swift; sourceTree = "<group>"; };
		93834C152B1E3CE30043AE84 /* CacheAsyncImage.swift */ = {isa = PBXFileReference; lastKnownFileType = sourcecode.swift; path = CacheAsyncImage.swift; sourceTree = "<group>"; };
		93834C172B1E3D6E0043AE84 /* CatalogLogoImage.swift */ = {isa = PBXFileReference; lastKnownFileType = sourcecode.swift; path = CatalogLogoImage.swift; sourceTree = "<group>"; };
		93834C1A2B1E48E50043AE84 /* ProductsListViewModel.swift */ = {isa = PBXFileReference; lastKnownFileType = sourcecode.swift; path = ProductsListViewModel.swift; sourceTree = "<group>"; };
		93834C1C2B1E643F0043AE84 /* ProductViewModel.swift */ = {isa = PBXFileReference; lastKnownFileType = sourcecode.swift; path = ProductViewModel.swift; sourceTree = "<group>"; };
		93834C242B1F8E650043AE84 /* ProductLogoImage.swift */ = {isa = PBXFileReference; lastKnownFileType = sourcecode.swift; path = ProductLogoImage.swift; sourceTree = "<group>"; };
		93834C262B20F1CF0043AE84 /* ProductInfoView.swift */ = {isa = PBXFileReference; lastKnownFileType = sourcecode.swift; path = ProductInfoView.swift; sourceTree = "<group>"; };
		93B24FE72B69636A0034B245 /* ScannerView.swift */ = {isa = PBXFileReference; lastKnownFileType = sourcecode.swift; path = ScannerView.swift; sourceTree = "<group>"; };
		93B24FEB2B696E6D0034B245 /* Scanner.swift */ = {isa = PBXFileReference; lastKnownFileType = sourcecode.swift; path = Scanner.swift; sourceTree = "<group>"; };
/* End PBXFileReference section */

/* Begin PBXFrameworksBuildPhase section */
		931EEDE12B1646BB0006E4AD /* Frameworks */ = {
			isa = PBXFrameworksBuildPhase;
			buildActionMask = 2147483647;
			files = (
			);
			runOnlyForDeploymentPostprocessing = 0;
		};
/* End PBXFrameworksBuildPhase section */

/* Begin PBXGroup section */
		931EEDDB2B1646BB0006E4AD = {
			isa = PBXGroup;
			children = (
				931EEDE62B1646BB0006E4AD /* My fridge */,
				931EEDE52B1646BB0006E4AD /* Products */,
			);
			sourceTree = "<group>";
		};
		931EEDE52B1646BB0006E4AD /* Products */ = {
			isa = PBXGroup;
			children = (
				931EEDE42B1646BB0006E4AD /* My fridge.app */,
			);
			name = Products;
			sourceTree = "<group>";
		};
		931EEDE62B1646BB0006E4AD /* My fridge */ = {
			isa = PBXGroup;
			children = (
				931EEDE72B1646BB0006E4AD /* My_fridgeApp.swift */,
				93834BEF2B1660210043AE84 /* MyFridgeView */,
				93834BF02B1660330043AE84 /* CatalogView */,
				93B24FE62B6960F50034B245 /* AddProductView */,
				93834C032B1B4ACF0043AE84 /* Models */,
				93834C042B1B4AD90043AE84 /* Services */,
				93834C192B1E46540043AE84 /* Utils */,
				931EEDEB2B1646BC0006E4AD /* Assets.xcassets */,
				931EEDED2B1646BC0006E4AD /* Preview Content */,
			);
			path = "My fridge";
			sourceTree = "<group>";
		};
		931EEDED2B1646BC0006E4AD /* Preview Content */ = {
			isa = PBXGroup;
			children = (
				931EEDEE2B1646BC0006E4AD /* Preview Assets.xcassets */,
			);
			path = "Preview Content";
			sourceTree = "<group>";
		};
		9353025A2B8944EA00939A58 /* AddProductManualView */ = {
			isa = PBXGroup;
			children = (
				93834BF42B1663960043AE84 /* AddProductManualView.swift */,
				9353025B2B89450F00939A58 /* AddProductManualViewModel.swift */,
			);
			path = AddProductManualView;
			sourceTree = "<group>";
		};
		935A5AFD2B9F512400DE490F /* AddScanProductView */ = {
			isa = PBXGroup;
			children = (
				9320461F2B87B000003BC5D2 /* AddScanProductView.swift */,
				937EFB4A2B90F98C00CF31D2 /* AddScanProductViewModel.swift */,
			);
			path = AddScanProductView;
			sourceTree = "<group>";
		};
		93834BEF2B1660210043AE84 /* MyFridgeView */ = {
			isa = PBXGroup;
			children = (
				931EEDF52B164A4C0006E4AD /* MyFridgeView.swift */,
				935302542B8909E000939A58 /* MyFridgeViewModel.swift */,
				93834BF32B1660790043AE84 /* Components */,
			);
			path = MyFridgeView;
			sourceTree = "<group>";
		};
		93834BF02B1660330043AE84 /* CatalogView */ = {
			isa = PBXGroup;
			children = (
				93834BED2B165E720043AE84 /* CatalogView.swift */,
				93834C112B1E31A70043AE84 /* CatalogViewModel.swift */,
				93834BFC2B1687C30043AE84 /* SubCatalogView */,
				93834BF92B1681F20043AE84 /* Components */,
			);
			path = CatalogView;
			sourceTree = "<group>";
		};
		93834BF32B1660790043AE84 /* Components */ = {
			isa = PBXGroup;
			children = (
				93834BF12B1660750043AE84 /* ProductRow.swift */,
			);
			path = Components;
			sourceTree = "<group>";
		};
		93834BF92B1681F20043AE84 /* Components */ = {
			isa = PBXGroup;
			children = (
				93834BF72B1681ED0043AE84 /* CatalogCellView.swift */,
				93834C172B1E3D6E0043AE84 /* CatalogLogoImage.swift */,
			);
			path = Components;
			sourceTree = "<group>";
		};
		93834BFC2B1687C30043AE84 /* SubCatalogView */ = {
			isa = PBXGroup;
			children = (
				93834BFA2B1687BA0043AE84 /* SubCatalogView.swift */,
				93834C132B1E325F0043AE84 /* SubCatalogViewModel.swift */,
				93834BFF2B1688130043AE84 /* ProductsListView */,
			);
			path = SubCatalogView;
			sourceTree = "<group>";
		};
		93834BFF2B1688130043AE84 /* ProductsListView */ = {
			isa = PBXGroup;
			children = (
				93834BFD2B16880E0043AE84 /* ProductsListView.swift */,
				93834C1A2B1E48E50043AE84 /* ProductsListViewModel.swift */,
				93834C022B1688E30043AE84 /* Components */,
				93834C202B1E645A0043AE84 /* ProductView */,
			);
			path = ProductsListView;
			sourceTree = "<group>";
		};
		93834C022B1688E30043AE84 /* Components */ = {
			isa = PBXGroup;
			children = (
				93834C002B1688DA0043AE84 /* ProductListRow.swift */,
				93834C242B1F8E650043AE84 /* ProductLogoImage.swift */,
			);
			path = Components;
			sourceTree = "<group>";
		};
		93834C032B1B4ACF0043AE84 /* Models */ = {
			isa = PBXGroup;
			children = (
				93834C092B1B4CC90043AE84 /* Categories.swift */,
				93834C0B2B1B4E160043AE84 /* ProductGroups.swift */,
				93834C0D2B1B52A10043AE84 /* ProductData.swift */,
				93834C0F2B1B60100043AE84 /* ProductCard.swift */,
			);
			path = Models;
			sourceTree = "<group>";
		};
		93834C042B1B4AD90043AE84 /* Services */ = {
			isa = PBXGroup;
			children = (
				93834C052B1B4B260043AE84 /* NetworkManager.swift */,
				93834C072B1B4B4C0043AE84 /* ImageCacheManager.swift */,
				935302582B89169A00939A58 /* StorageManager.swift */,
			);
			path = Services;
			sourceTree = "<group>";
		};
		93834C192B1E46540043AE84 /* Utils */ = {
			isa = PBXGroup;
			children = (
				93834C152B1E3CE30043AE84 /* CacheAsyncImage.swift */,
			);
			path = Utils;
			sourceTree = "<group>";
		};
		93834C202B1E645A0043AE84 /* ProductView */ = {
			isa = PBXGroup;
			children = (
				93834BEB2B16593D0043AE84 /* ProductView.swift */,
				93834C262B20F1CF0043AE84 /* ProductInfoView.swift */,
				93834C1C2B1E643F0043AE84 /* ProductViewModel.swift */,
			);
			path = ProductView;
			sourceTree = "<group>";
		};
		93B24FE62B6960F50034B245 /* AddProductView */ = {
			isa = PBXGroup;
			children = (
				931EEDF72B1654230006E4AD /* AddProductView.swift */,
				9353025A2B8944EA00939A58 /* AddProductManualView */,
				935A5AFD2B9F512400DE490F /* AddScanProductView */,
				93B24FEA2B696E590034B245 /* Components */,
			);
			path = AddProductView;
			sourceTree = "<group>";
		};
		93B24FEA2B696E590034B245 /* Components */ = {
			isa = PBXGroup;
			children = (
				93B24FE72B69636A0034B245 /* ScannerView.swift */,
				93B24FEB2B696E6D0034B245 /* Scanner.swift */,
				9330EF1E2BA5C8EF00E4B99E /* ScannerViewModel.swift */,
			);
			path = Components;
			sourceTree = "<group>";
		};
/* End PBXGroup section */

/* Begin PBXNativeTarget section */
		931EEDE32B1646BB0006E4AD /* My fridge */ = {
			isa = PBXNativeTarget;
			buildConfigurationList = 931EEDF22B1646BC0006E4AD /* Build configuration list for PBXNativeTarget "My fridge" */;
			buildPhases = (
				931EEDE02B1646BB0006E4AD /* Sources */,
				931EEDE12B1646BB0006E4AD /* Frameworks */,
				931EEDE22B1646BB0006E4AD /* Resources */,
			);
			buildRules = (
			);
			dependencies = (
			);
			name = "My fridge";
			productName = "My fridge";
			productReference = 931EEDE42B1646BB0006E4AD /* My fridge.app */;
			productType = "com.apple.product-type.application";
		};
/* End PBXNativeTarget section */

/* Begin PBXProject section */
		931EEDDC2B1646BB0006E4AD /* Project object */ = {
			isa = PBXProject;
			attributes = {
				BuildIndependentTargetsInParallel = 1;
				LastSwiftUpdateCheck = 1410;
				LastUpgradeCheck = 1410;
				TargetAttributes = {
					931EEDE32B1646BB0006E4AD = {
						CreatedOnToolsVersion = 14.1;
					};
				};
			};
			buildConfigurationList = 931EEDDF2B1646BB0006E4AD /* Build configuration list for PBXProject "My fridge" */;
			compatibilityVersion = "Xcode 14.0";
			developmentRegion = en;
			hasScannedForEncodings = 0;
			knownRegions = (
				en,
				Base,
			);
			mainGroup = 931EEDDB2B1646BB0006E4AD;
			productRefGroup = 931EEDE52B1646BB0006E4AD /* Products */;
			projectDirPath = "";
			projectRoot = "";
			targets = (
				931EEDE32B1646BB0006E4AD /* My fridge */,
			);
		};
/* End PBXProject section */

/* Begin PBXResourcesBuildPhase section */
		931EEDE22B1646BB0006E4AD /* Resources */ = {
			isa = PBXResourcesBuildPhase;
			buildActionMask = 2147483647;
			files = (
				931EEDEF2B1646BC0006E4AD /* Preview Assets.xcassets in Resources */,
				931EEDEC2B1646BC0006E4AD /* Assets.xcassets in Resources */,
			);
			runOnlyForDeploymentPostprocessing = 0;
		};
/* End PBXResourcesBuildPhase section */

/* Begin PBXSourcesBuildPhase section */
		931EEDE02B1646BB0006E4AD /* Sources */ = {
			isa = PBXSourcesBuildPhase;
			buildActionMask = 2147483647;
			files = (
				93834C1D2B1E643F0043AE84 /* ProductViewModel.swift in Sources */,
				932046202B87B000003BC5D2 /* AddScanProductView.swift in Sources */,
				93834C062B1B4B260043AE84 /* NetworkManager.swift in Sources */,
				93834C162B1E3CE30043AE84 /* CacheAsyncImage.swift in Sources */,
				93834C0A2B1B4CC90043AE84 /* Categories.swift in Sources */,
				93B24FEC2B696E6D0034B245 /* Scanner.swift in Sources */,
				935302552B8909E000939A58 /* MyFridgeViewModel.swift in Sources */,
				93834C102B1B60100043AE84 /* ProductCard.swift in Sources */,
				93834BEC2B16593D0043AE84 /* ProductView.swift in Sources */,
				931EEDE82B1646BB0006E4AD /* My_fridgeApp.swift in Sources */,
				93834BF22B1660750043AE84 /* ProductRow.swift in Sources */,
				935302592B89169A00939A58 /* StorageManager.swift in Sources */,
				93834C142B1E325F0043AE84 /* SubCatalogViewModel.swift in Sources */,
				9330EF1F2BA5C8EF00E4B99E /* ScannerViewModel.swift in Sources */,
				93834C012B1688DA0043AE84 /* ProductListRow.swift in Sources */,
				9353025C2B89450F00939A58 /* AddProductManualViewModel.swift in Sources */,
				93834C082B1B4B4C0043AE84 /* ImageCacheManager.swift in Sources */,
				93834C0E2B1B52A10043AE84 /* ProductData.swift in Sources */,
				931EEDF62B164A4C0006E4AD /* MyFridgeView.swift in Sources */,
				93834C272B20F1CF0043AE84 /* ProductInfoView.swift in Sources */,
				937EFB4B2B90F98C00CF31D2 /* AddScanProductViewModel.swift in Sources */,
				93834BFE2B16880E0043AE84 /* ProductsListView.swift in Sources */,
				931EEDF82B1654230006E4AD /* AddProductView.swift in Sources */,
				93834C1B2B1E48E50043AE84 /* ProductsListViewModel.swift in Sources */,
				93B24FE82B69636A0034B245 /* ScannerView.swift in Sources */,
				93834BF52B1663960043AE84 /* AddProductManualView.swift in Sources */,
				93834C0C2B1B4E160043AE84 /* ProductGroups.swift in Sources */,
				93834C182B1E3D6E0043AE84 /* CatalogLogoImage.swift in Sources */,
				93834BFB2B1687BA0043AE84 /* SubCatalogView.swift in Sources */,
				93834BF82B1681ED0043AE84 /* CatalogCellView.swift in Sources */,
				93834BEE2B165E720043AE84 /* CatalogView.swift in Sources */,
				93834C252B1F8E650043AE84 /* ProductLogoImage.swift in Sources */,
				93834C122B1E31A70043AE84 /* CatalogViewModel.swift in Sources */,
			);
			runOnlyForDeploymentPostprocessing = 0;
		};
/* End PBXSourcesBuildPhase section */

/* Begin XCBuildConfiguration section */
		931EEDF02B1646BC0006E4AD /* Debug */ = {
			isa = XCBuildConfiguration;
			buildSettings = {
				ALWAYS_SEARCH_USER_PATHS = NO;
				CLANG_ANALYZER_NONNULL = YES;
				CLANG_ANALYZER_NUMBER_OBJECT_CONVERSION = YES_AGGRESSIVE;
				CLANG_CXX_LANGUAGE_STANDARD = "gnu++20";
				CLANG_ENABLE_MODULES = YES;
				CLANG_ENABLE_OBJC_ARC = YES;
				CLANG_ENABLE_OBJC_WEAK = YES;
				CLANG_WARN_BLOCK_CAPTURE_AUTORELEASING = YES;
				CLANG_WARN_BOOL_CONVERSION = YES;
				CLANG_WARN_COMMA = YES;
				CLANG_WARN_CONSTANT_CONVERSION = YES;
				CLANG_WARN_DEPRECATED_OBJC_IMPLEMENTATIONS = YES;
				CLANG_WARN_DIRECT_OBJC_ISA_USAGE = YES_ERROR;
				CLANG_WARN_DOCUMENTATION_COMMENTS = YES;
				CLANG_WARN_EMPTY_BODY = YES;
				CLANG_WARN_ENUM_CONVERSION = YES;
				CLANG_WARN_INFINITE_RECURSION = YES;
				CLANG_WARN_INT_CONVERSION = YES;
				CLANG_WARN_NON_LITERAL_NULL_CONVERSION = YES;
				CLANG_WARN_OBJC_IMPLICIT_RETAIN_SELF = YES;
				CLANG_WARN_OBJC_LITERAL_CONVERSION = YES;
				CLANG_WARN_OBJC_ROOT_CLASS = YES_ERROR;
				CLANG_WARN_QUOTED_INCLUDE_IN_FRAMEWORK_HEADER = YES;
				CLANG_WARN_RANGE_LOOP_ANALYSIS = YES;
				CLANG_WARN_STRICT_PROTOTYPES = YES;
				CLANG_WARN_SUSPICIOUS_MOVE = YES;
				CLANG_WARN_UNGUARDED_AVAILABILITY = YES_AGGRESSIVE;
				CLANG_WARN_UNREACHABLE_CODE = YES;
				CLANG_WARN__DUPLICATE_METHOD_MATCH = YES;
				COPY_PHASE_STRIP = NO;
				DEBUG_INFORMATION_FORMAT = dwarf;
				ENABLE_STRICT_OBJC_MSGSEND = YES;
				ENABLE_TESTABILITY = YES;
				GCC_C_LANGUAGE_STANDARD = gnu11;
				GCC_DYNAMIC_NO_PIC = NO;
				GCC_NO_COMMON_BLOCKS = YES;
				GCC_OPTIMIZATION_LEVEL = 0;
				GCC_PREPROCESSOR_DEFINITIONS = (
					"DEBUG=1",
					"$(inherited)",
				);
				GCC_WARN_64_TO_32_BIT_CONVERSION = YES;
				GCC_WARN_ABOUT_RETURN_TYPE = YES_ERROR;
				GCC_WARN_UNDECLARED_SELECTOR = YES;
				GCC_WARN_UNINITIALIZED_AUTOS = YES_AGGRESSIVE;
				GCC_WARN_UNUSED_FUNCTION = YES;
				GCC_WARN_UNUSED_VARIABLE = YES;
				IPHONEOS_DEPLOYMENT_TARGET = 16.1;
				MTL_ENABLE_DEBUG_INFO = INCLUDE_SOURCE;
				MTL_FAST_MATH = YES;
				ONLY_ACTIVE_ARCH = YES;
				SDKROOT = iphoneos;
				SWIFT_ACTIVE_COMPILATION_CONDITIONS = DEBUG;
				SWIFT_OPTIMIZATION_LEVEL = "-Onone";
			};
			name = Debug;
		};
		931EEDF12B1646BC0006E4AD /* Release */ = {
			isa = XCBuildConfiguration;
			buildSettings = {
				ALWAYS_SEARCH_USER_PATHS = NO;
				CLANG_ANALYZER_NONNULL = YES;
				CLANG_ANALYZER_NUMBER_OBJECT_CONVERSION = YES_AGGRESSIVE;
				CLANG_CXX_LANGUAGE_STANDARD = "gnu++20";
				CLANG_ENABLE_MODULES = YES;
				CLANG_ENABLE_OBJC_ARC = YES;
				CLANG_ENABLE_OBJC_WEAK = YES;
				CLANG_WARN_BLOCK_CAPTURE_AUTORELEASING = YES;
				CLANG_WARN_BOOL_CONVERSION = YES;
				CLANG_WARN_COMMA = YES;
				CLANG_WARN_CONSTANT_CONVERSION = YES;
				CLANG_WARN_DEPRECATED_OBJC_IMPLEMENTATIONS = YES;
				CLANG_WARN_DIRECT_OBJC_ISA_USAGE = YES_ERROR;
				CLANG_WARN_DOCUMENTATION_COMMENTS = YES;
				CLANG_WARN_EMPTY_BODY = YES;
				CLANG_WARN_ENUM_CONVERSION = YES;
				CLANG_WARN_INFINITE_RECURSION = YES;
				CLANG_WARN_INT_CONVERSION = YES;
				CLANG_WARN_NON_LITERAL_NULL_CONVERSION = YES;
				CLANG_WARN_OBJC_IMPLICIT_RETAIN_SELF = YES;
				CLANG_WARN_OBJC_LITERAL_CONVERSION = YES;
				CLANG_WARN_OBJC_ROOT_CLASS = YES_ERROR;
				CLANG_WARN_QUOTED_INCLUDE_IN_FRAMEWORK_HEADER = YES;
				CLANG_WARN_RANGE_LOOP_ANALYSIS = YES;
				CLANG_WARN_STRICT_PROTOTYPES = YES;
				CLANG_WARN_SUSPICIOUS_MOVE = YES;
				CLANG_WARN_UNGUARDED_AVAILABILITY = YES_AGGRESSIVE;
				CLANG_WARN_UNREACHABLE_CODE = YES;
				CLANG_WARN__DUPLICATE_METHOD_MATCH = YES;
				COPY_PHASE_STRIP = NO;
				DEBUG_INFORMATION_FORMAT = "dwarf-with-dsym";
				ENABLE_NS_ASSERTIONS = NO;
				ENABLE_STRICT_OBJC_MSGSEND = YES;
				GCC_C_LANGUAGE_STANDARD = gnu11;
				GCC_NO_COMMON_BLOCKS = YES;
				GCC_WARN_64_TO_32_BIT_CONVERSION = YES;
				GCC_WARN_ABOUT_RETURN_TYPE = YES_ERROR;
				GCC_WARN_UNDECLARED_SELECTOR = YES;
				GCC_WARN_UNINITIALIZED_AUTOS = YES_AGGRESSIVE;
				GCC_WARN_UNUSED_FUNCTION = YES;
				GCC_WARN_UNUSED_VARIABLE = YES;
				IPHONEOS_DEPLOYMENT_TARGET = 16.1;
				MTL_ENABLE_DEBUG_INFO = NO;
				MTL_FAST_MATH = YES;
				SDKROOT = iphoneos;
				SWIFT_COMPILATION_MODE = wholemodule;
				SWIFT_OPTIMIZATION_LEVEL = "-O";
				VALIDATE_PRODUCT = YES;
			};
			name = Release;
		};
		931EEDF32B1646BC0006E4AD /* Debug */ = {
			isa = XCBuildConfiguration;
			buildSettings = {
				ASSETCATALOG_COMPILER_APPICON_NAME = AppIcon;
				ASSETCATALOG_COMPILER_GLOBAL_ACCENT_COLOR_NAME = AccentColor;
				CODE_SIGN_STYLE = Automatic;
				CURRENT_PROJECT_VERSION = 1;
				DEVELOPMENT_ASSET_PATHS = "\"My fridge/Preview Content\"";
				DEVELOPMENT_TEAM = S8C8X7JYR4;
				ENABLE_PREVIEWS = YES;
				GENERATE_INFOPLIST_FILE = YES;
				INFOPLIST_FILE = "My-fridge-Info.plist";
				INFOPLIST_KEY_NSCameraUsageDescription = "Необходимо разрешить доступ к камере для сканирования штрих-кода";
				INFOPLIST_KEY_UIApplicationSceneManifest_Generation = YES;
				INFOPLIST_KEY_UIApplicationSupportsIndirectInputEvents = YES;
				INFOPLIST_KEY_UILaunchScreen_Generation = YES;
				INFOPLIST_KEY_UISupportedInterfaceOrientations = UIInterfaceOrientationPortrait;
				INFOPLIST_KEY_UISupportedInterfaceOrientations_iPad = "UIInterfaceOrientationLandscapeLeft UIInterfaceOrientationLandscapeRight UIInterfaceOrientationPortrait UIInterfaceOrientationPortraitUpsideDown";
				IPHONEOS_DEPLOYMENT_TARGET = 16.0;
				LD_RUNPATH_SEARCH_PATHS = (
					"$(inherited)",
					"@executable_path/Frameworks",
				);
				MARKETING_VERSION = 1.0;
				PRODUCT_BUNDLE_IDENTIFIER = "IsaevAleksey.My-fridge";
				PRODUCT_NAME = "$(TARGET_NAME)";
				SUPPORTED_PLATFORMS = "iphoneos iphonesimulator";
				SUPPORTS_MACCATALYST = NO;
				SUPPORTS_MAC_DESIGNED_FOR_IPHONE_IPAD = NO;
				SWIFT_EMIT_LOC_STRINGS = YES;
				SWIFT_VERSION = 5.0;
				TARGETED_DEVICE_FAMILY = 1;
			};
			name = Debug;
		};
		931EEDF42B1646BC0006E4AD /* Release */ = {
			isa = XCBuildConfiguration;
			buildSettings = {
				ASSETCATALOG_COMPILER_APPICON_NAME = AppIcon;
				ASSETCATALOG_COMPILER_GLOBAL_ACCENT_COLOR_NAME = AccentColor;
				CODE_SIGN_STYLE = Automatic;
				CURRENT_PROJECT_VERSION = 1;
				DEVELOPMENT_ASSET_PATHS = "\"My fridge/Preview Content\"";
				DEVELOPMENT_TEAM = S8C8X7JYR4;
				ENABLE_PREVIEWS = YES;
				GENERATE_INFOPLIST_FILE = YES;
				INFOPLIST_FILE = "My-fridge-Info.plist";
				INFOPLIST_KEY_NSCameraUsageDescription = "Необходимо разрешить доступ к камере для сканирования штрих-кода";
				INFOPLIST_KEY_UIApplicationSceneManifest_Generation = YES;
				INFOPLIST_KEY_UIApplicationSupportsIndirectInputEvents = YES;
				INFOPLIST_KEY_UILaunchScreen_Generation = YES;
				INFOPLIST_KEY_UISupportedInterfaceOrientations = UIInterfaceOrientationPortrait;
				INFOPLIST_KEY_UISupportedInterfaceOrientations_iPad = "UIInterfaceOrientationLandscapeLeft UIInterfaceOrientationLandscapeRight UIInterfaceOrientationPortrait UIInterfaceOrientationPortraitUpsideDown";
				IPHONEOS_DEPLOYMENT_TARGET = 16.0;
				LD_RUNPATH_SEARCH_PATHS = (
					"$(inherited)",
					"@executable_path/Frameworks",
				);
				MARKETING_VERSION = 1.0;
				PRODUCT_BUNDLE_IDENTIFIER = "IsaevAleksey.My-fridge";
				PRODUCT_NAME = "$(TARGET_NAME)";
				SUPPORTED_PLATFORMS = "iphoneos iphonesimulator";
				SUPPORTS_MACCATALYST = NO;
				SUPPORTS_MAC_DESIGNED_FOR_IPHONE_IPAD = NO;
				SWIFT_EMIT_LOC_STRINGS = YES;
				SWIFT_VERSION = 5.0;
				TARGETED_DEVICE_FAMILY = 1;
			};
			name = Release;
		};
/* End XCBuildConfiguration section */

/* Begin XCConfigurationList section */
		931EEDDF2B1646BB0006E4AD /* Build configuration list for PBXProject "My fridge" */ = {
			isa = XCConfigurationList;
			buildConfigurations = (
				931EEDF02B1646BC0006E4AD /* Debug */,
				931EEDF12B1646BC0006E4AD /* Release */,
			);
			defaultConfigurationIsVisible = 0;
			defaultConfigurationName = Release;
		};
		931EEDF22B1646BC0006E4AD /* Build configuration list for PBXNativeTarget "My fridge" */ = {
			isa = XCConfigurationList;
			buildConfigurations = (
				931EEDF32B1646BC0006E4AD /* Debug */,
				931EEDF42B1646BC0006E4AD /* Release */,
			);
			defaultConfigurationIsVisible = 0;
			defaultConfigurationName = Release;
		};
/* End XCConfigurationList section */
	};
	rootObject = 931EEDDC2B1646BB0006E4AD /* Project object */;
}
